{
    "_meta": {
        "hash": {
            "sha256": "d82e667b49b6568c00cc9a6dfc9d140a0b63b4049c06f8f87675fef1db4c8804"
        },
        "pipfile-spec": 6,
        "requires": {
            "python_version": "2.7"
        },
        "sources": [
            {
                "name": "pypi",
                "url": "https://pypi.org/simple",
                "verify_ssl": true
            }
        ]
    },
    "default": {
        "enum34": {
            "hashes": [
                "sha256:2d81cbbe0e73112bdfe6ef8576f2238f2ba27dd0d55752a776c41d38b7da2850",
                "sha256:644837f692e5f550741432dd3f223bbb9852018674981b1664e5dc339387588a",
                "sha256:6bd0f6ad48ec2aa117d3d141940d484deccda84d4fcd884f5c3d93c23ecd8c79",
                "sha256:8ad8c4783bf61ded74527bffb48ed9b54166685e4230386a9ed9b1279e2df5b1"
            ],
            "version": "==1.1.6"
        },
        "futures": {
            "hashes": [
                "sha256:49b3f5b064b6e3afc3316421a3f25f66c137ae88f068abbf72830170033c5e16",
                "sha256:7e033af76a5e35f58e56da7a91e687706faf4e7bdfb2cbc3f2cca6b9bcda9794"
            ],
            "version": "==3.3.0"
        },
        "lxml": {
            "hashes": [
                "sha256:06d4e0bbb1d62e38ae6118406d7cdb4693a3fa34ee3762238bcb96c9e36a93cd",
                "sha256:0701f7965903a1c3f6f09328c1278ac0eee8f56f244e66af79cb224b7ef3801c",
                "sha256:1f2c4ec372bf1c4a2c7e4bb20845e8bcf8050365189d86806bad1e3ae473d081",
                "sha256:4235bc124fdcf611d02047d7034164897ade13046bda967768836629bc62784f",
                "sha256:5828c7f3e615f3975d48f40d4fe66e8a7b25f16b5e5705ffe1d22e43fb1f6261",
                "sha256:585c0869f75577ac7a8ff38d08f7aac9033da2c41c11352ebf86a04652758b7a",
                "sha256:5d467ce9c5d35b3bcc7172c06320dddb275fea6ac2037f72f0a4d7472035cea9",
                "sha256:63dbc21efd7e822c11d5ddbedbbb08cd11a41e0032e382a0fd59b0b08e405a3a",
                "sha256:7bc1b221e7867f2e7ff1933165c0cec7153dce93d0cdba6554b42a8beb687bdb",
                "sha256:8620ce80f50d023d414183bf90cc2576c2837b88e00bea3f33ad2630133bbb60",
                "sha256:8a0ebda56ebca1a83eb2d1ac266649b80af8dd4b4a3502b2c1e09ac2f88fe128",
                "sha256:90ed0e36455a81b25b7034038e40880189169c308a3df360861ad74da7b68c1a",
                "sha256:95e67224815ef86924fbc2b71a9dbd1f7262384bca4bc4793645794ac4200717",
                "sha256:afdb34b715daf814d1abea0317b6d672476b498472f1e5aacbadc34ebbc26e89",
                "sha256:b4b2c63cc7963aedd08a5f5a454c9f67251b1ac9e22fd9d72836206c42dc2a72",
                "sha256:d068f55bda3c2c3fcaec24bd083d9e2eede32c583faf084d6e4b9daaea77dde8",
                "sha256:d5b3c4b7edd2e770375a01139be11307f04341ec709cf724e0f26ebb1eef12c3",
                "sha256:deadf4df349d1dcd7b2853a2c8796593cc346600726eff680ed8ed11812382a7",
                "sha256:df533af6f88080419c5a604d0d63b2c33b1c0c4409aba7d0cb6de305147ea8c8",
                "sha256:e4aa948eb15018a657702fee0b9db47e908491c64d36b4a90f59a64741516e77",
                "sha256:e5d842c73e4ef6ed8c1bd77806bf84a7cb535f9c0cf9b2c74d02ebda310070e1",
                "sha256:ebec08091a22c2be870890913bdadd86fcd8e9f0f22bcb398abd3af914690c15",
                "sha256:edc15fcfd77395e24543be48871c251f38132bb834d9fdfdad756adb6ea37679",
                "sha256:f2b74784ed7e0bc2d02bd53e48ad6ba523c9b36c194260b7a5045071abbb1012",
                "sha256:fa071559f14bd1e92077b1b5f6c22cf09756c6de7139370249eb372854ce51e6",
                "sha256:fd52e796fee7171c4361d441796b64df1acfceb51f29e545e812f16d023c4bbc",
                "sha256:fe976a0f1ef09b3638778024ab9fb8cde3118f203364212c198f71341c0715ca"
            ],
            "version": "==4.5.0"
        },
        "opcua": {
            "hashes": [
                "sha256:cff42f65dc8aa0752d6e0c416be40298009a0b6001c71109b3032f70816fc779"
            ],
            "index": "pypi",
            "version": "==0.98.9"
        },
        "python-dateutil": {
            "hashes": [
                "sha256:73ebfe9dbf22e832286dafa60473e4cd239f8592f699aa5adaf10050e6e1823c",
                "sha256:75bb3f31ea686f1197762692a9ee6a7550b59fc6ca3a1f4b5d7e32fb98e2da2a"
            ],
            "version": "==2.8.1"
        },
        "pytz": {
            "hashes": [
                "sha256:1c557d7d0e871de1f5ccd5833f60fb2550652da6be2693c1e02300743d21500d",
                "sha256:b02c06db6cf09c12dd25137e563b31700d3b80fcc4ad23abb7a315f2789819be"
            ],
            "version": "==2019.3"
        },
        "six": {
            "hashes": [
                "sha256:236bdbdce46e6e6a3d61a337c0f8b763ca1e8717c03b369e87a7ec7ce1319c0a",
                "sha256:8f3cd2e254d8f793e7f3d6d9df77b92252b52637291d0f0da013c76ea2724b6c"
            ],
            "version": "==1.14.0"
        },
        "trollius": {
            "hashes": [
                "sha256:1667f915b1fe11d237bb1ea380a8920d11b4ee7c5744220bdd656076cd24441b",
                "sha256:6bc2746b282bde78515754e0a64b55382fe162826603673006f909404b2a65e2",
                "sha256:f3b5f6bbf81f64e4c1c88e25b4cdda8e2359f1fb7dd1e91d40458aed4c90251b"
            ],
            "version": "==2.2.post1"
        }
    },
    "develop": {}
}
